schema: '2.0'
stages:
  prepare:
    cmd: python src/prepare.py
    deps:
    - path: src/prepare.py
      hash: md5
      md5: ea6a0287cefd47c0868f6004e9db9fe5
      size: 832
    outs:
    - path: data/raw
      hash: md5
      md5: 23b0000338669d2c61217dbd94633aa0.dir
      size: 54950512
      nfiles: 4
  preprocess:
    cmd: python src/preprocess.py
    deps:
    - path: data/raw
      hash: md5
      md5: 23b0000338669d2c61217dbd94633aa0.dir
      size: 54950512
      nfiles: 4
    - path: src/preprocess.py
      hash: md5
      md5: 361b315a8584aa6c2f0293455d19f51c
      size: 1937
    params:
      params.yaml:
        preprocess.seed: 42
        preprocess.test_size: 0.1
    outs:
    - path: data/processed
      hash: md5
      md5: 8cf781bad7983245af842465b2f6c1f5.dir
      size: 219590768
      nfiles: 6
  train:
    cmd: python src/train.py
    deps:
    - path: data/processed
      hash: md5
      md5: 8cf781bad7983245af842465b2f6c1f5.dir
      size: 219590768
      nfiles: 6
    - path: src/train.py
      hash: md5
      md5: 0da7e641211a02672a0769d506c7b7b0
      size: 1821
    params:
      params.yaml:
        train.batch_size: 32
        train.dense_units: 256
        train.dropout_rate: 0.2
        train.epochs: 10
        train.learning_rate: 0.001
    outs:
    - path: models/history.csv
      hash: md5
      md5: 0d4568a0276a35a5916b6454d0a8a0ac
      size: 806
    - path: models/model.h5
      hash: md5
      md5: 14c9588c1bbd6e77f69e75ae6207a324
      size: 2466904
  evaluate:
    cmd: python src/evaluate.py
    deps:
    - path: data/processed
      hash: md5
      md5: 8cf781bad7983245af842465b2f6c1f5.dir
      size: 219590768
      nfiles: 6
    - path: models/model.h5
      hash: md5
      md5: 14c9588c1bbd6e77f69e75ae6207a324
      size: 2466904
    - path: src/evaluate.py
      hash: md5
      md5: c432b94b88d68c289efc7e12461153b7
      size: 1785
    outs:
    - path: metrics.json
      hash: md5
      md5: 6267c1de850a6674c63bc9f8d5b8e200
      size: 80
    - path: models/confusion_matrix.png
      hash: md5
      md5: 8056d960c31412e316f7314e04ae705e
      size: 63415
